
Microsoft Visual Studio Solution File, Format Version 12.00
# Visual Studio 15
VisualStudioVersion = 15.0.26430.4
MinimumVisualStudioVersion = 10.0.40219.1
Project("{FAE04EC0-301F-11D3-BF4B-00C04F79EFBC}") = "TaschenrechnerPlusMinus", "TaschenrechnerPlusMinus\TaschenrechnerPlusMinus.csproj", "{63728E86-424D-4589-9BA7-1EBB94EB7EED}"
EndProject
Global
	GlobalSection(SolutionConfigurationPlatforms) = preSolution
		Debug|Any CPU = Debug|Any CPU
		Release|Any CPU = Release|Any CPU
	EndGlobalSection
	GlobalSection(ProjectConfigurationPlatforms) = postSolution
		{63728E86-424D-4589-9BA7-1EBB94EB7EED}.Debug|Any CPU.ActiveCfg = Debug|Any CPU
		{63728E86-424D-4589-9BA7-1EBB94EB7EED}.Debug|Any CPU.Build.0 = Debug|Any CPU
		{63728E86-424D-4589-9BA7-1EBB94EB7EED}.Release|Any CPU.ActiveCfg = Release|Any CPU
		{63728E86-424D-4589-9BA7-1EBB94EB7EED}.Release|Any CPU.Build.0 = Release|Any CPU
	EndGlobalSection
	GlobalSection(SolutionProperties) = preSolution
		HideSolutionNode = FALSE
	EndGlobalSection
EndGlobal
